{
    "requires": true,
    "lockfileVersion": 1,
    "dependencies": {
        "bootstrap": {
            "version": "4.3.1",
            "resolved": "https://registry.npmjs.org/bootstrap/-/bootstrap-4.3.1.tgz",
            "integrity": "sha512-rXqOmH1VilAt2DyPzluTi2blhk17bO7ef+zLLPlWvG494pDxcM234pJ8wTc/6R40UWizAIIMgxjvxZg5kmsbag=="
        },
        "jquery": {
            "version": "3.4.1",
            "resolved": "https://registry.npmjs.org/jquery/-/jquery-3.4.1.tgz",
            "integrity": "sha512-36+AdBzCL+y6qjw5Tx7HgzeGCzC81MDDgaUP8ld2zhx58HdqXGoBd+tHdrBMiyjGQs0Hxs/MLZTu/eHNJJuWPw=="
        },
        "startbootstrap-simple-sidebar": {
            "version": "5.1.1",
            "resolved": "https://registry.npmjs.org/startbootstrap-simple-sidebar/-/startbootstrap-simple-sidebar-5.1.1.tgz",
            "integrity": "sha512-2syB0MmhjICsYDfY7Vel4uRGUa2OKgjJTj8YDTtLfm7SoWydqlso81WGJ3TnIkpj++dhyn8gI3YZe2LML6lj2w==",
            "requires": {
                "bootstrap": "4.3.1",
                "jquery": "3.4.1"
            }
        }
    }
}
